
Microsoft Visual Studio Solution File, Format Version 12.00
# Visual Studio Version 17
VisualStudioVersion = 17.4.33213.308
MinimumVisualStudioVersion = 10.0.40219.1
Project("{FAE04EC0-301F-11D3-BF4B-00C04F79EFBC}") = "01_Intro", "01_Intro\01_Intro.csproj", "{B6F28CB8-D9A9-41FF-8A68-E6EB482BEF3E}"
EndProject
Global
	GlobalSection(SolutionConfigurationPlatforms) = preSolution
		Debug|Any CPU = Debug|Any CPU
		Release|Any CPU = Release|Any CPU
	EndGlobalSection
	GlobalSection(ProjectConfigurationPlatforms) = postSolution
		{B6F28CB8-D9A9-41FF-8A68-E6EB482BEF3E}.Debug|Any CPU.ActiveCfg = Debug|Any CPU
		{B6F28CB8-D9A9-41FF-8A68-E6EB482BEF3E}.Debug|Any CPU.Build.0 = Debug|Any CPU
		{B6F28CB8-D9A9-41FF-8A68-E6EB482BEF3E}.Release|Any CPU.ActiveCfg = Release|Any CPU
		{B6F28CB8-D9A9-41FF-8A68-E6EB482BEF3E}.Release|Any CPU.Build.0 = Release|Any CPU
	EndGlobalSection
	GlobalSection(SolutionProperties) = preSolution
		HideSolutionNode = FALSE
	EndGlobalSection
	GlobalSection(ExtensibilityGlobals) = postSolution
		SolutionGuid = {EA2B7209-18F2-4072-AAD9-19BA493C5858}
	EndGlobalSection
EndGlobal
